// !$*UTF8*$!
{
	archiveVersion = 1;
	classes = {
	};
	objectVersion = 50;
	objects = {

/* Begin PBXBuildFile section */
		ABEA95DC217F641B00F8DE7E /* AppDelegate.swift in Sources */ = {isa = PBXBuildFile; fileRef = ABEA95DB217F641B00F8DE7E /* AppDelegate.swift */; };
		ABEA95DE217F641B00F8DE7E /* AlgorithmViewController.swift in Sources */ = {isa = PBXBuildFile; fileRef = ABEA95DD217F641B00F8DE7E /* AlgorithmViewController.swift */; };
		ABEA95E1217F641B00F8DE7E /* Main.storyboard in Resources */ = {isa = PBXBuildFile; fileRef = ABEA95DF217F641B00F8DE7E /* Main.storyboard */; };
		ABEA95E3217F642000F8DE7E /* Assets.xcassets in Resources */ = {isa = PBXBuildFile; fileRef = ABEA95E2217F642000F8DE7E /* Assets.xcassets */; };
		ABEA95E6217F642000F8DE7E /* LaunchScreen.storyboard in Resources */ = {isa = PBXBuildFile; fileRef = ABEA95E4217F642000F8DE7E /* LaunchScreen.storyboard */; };
/* End PBXBuildFile section */

/* Begin PBXFileReference section */
		ABEA95D8217F641B00F8DE7E /* AlgorithmsCaroline.app */ = {isa = PBXFileReference; explicitFileType = wrapper.application; includeInIndex = 0; path = AlgorithmsCaroline.app; sourceTree = BUILT_PRODUCTS_DIR; };
		ABEA95DB217F641B00F8DE7E /* AppDelegate.swift */ = {isa = PBXFileReference; lastKnownFileType = sourcecode.swift; path = AppDelegate.swift; sourceTree = "<group>"; };
		ABEA95DD217F641B00F8DE7E /* AlgorithmViewController.swift */ = {isa = PBXFileReference; lastKnownFileType = sourcecode.swift; path = AlgorithmViewController.swift; sourceTree = "<group>"; };
		ABEA95E0217F641B00F8DE7E /* Base */ = {isa = PBXFileReference; lastKnownFileType = file.storyboard; name = Base; path = Base.lproj/Main.storyboard; sourceTree = "<group>"; };
		ABEA95E2217F642000F8DE7E /* Assets.xcassets */ = {isa = PBXFileReference; lastKnownFileType = folder.assetcatalog; path = Assets.xcassets; sourceTree = "<group>"; };
		ABEA95E5217F642000F8DE7E /* Base */ = {isa = PBXFileReference; lastKnownFileType = file.storyboard; name = Base; path = Base.lproj/LaunchScreen.storyboard; sourceTree = "<group>"; };
		ABEA95E7217F642000F8DE7E /* Info.plist */ = {isa = PBXFileReference; lastKnownFileType = text.plist.xml; path = Info.plist; sourceTree = "<group>"; };
/* End PBXFileReference section */

/* Begin PBXFrameworksBuildPhase section */
		ABEA95D5217F641B00F8DE7E /* Frameworks */ = {
			isa = PBXFrameworksBuildPhase;
			buildActionMask = 2147483647;
			files = (
			);
			runOnlyForDeploymentPostprocessing = 0;
		};
/* End PBXFrameworksBuildPhase section */

/* Begin PBXGroup section */
		ABEA95CF217F641B00F8DE7E = {
			isa = PBXGroup;
			children = (
				ABEA95DA217F641B00F8DE7E /* AlgorithmsCaroline */,
				ABEA95D9217F641B00F8DE7E /* Products */,
			);
			sourceTree = "<group>";
		};
		ABEA95D9217F641B00F8DE7E /* Products */ = {
			isa = PBXGroup;
			children = (
				ABEA95D8217F641B00F8DE7E /* AlgorithmsCaroline.app */,
			);
			name = Products;
			sourceTree = "<group>";
		};
		ABEA95DA217F641B00F8DE7E /* AlgorithmsCaroline */ = {
			isa = PBXGroup;
			children = (
				ABEA95ED217F648700F8DE7E /* Resources */,
				ABEA95EE217F649400F8DE7E /* Controller */,
				ABEA95EF217F64A000F8DE7E /* View */,
			);
			path = AlgorithmsCaroline;
			sourceTree = "<group>";
		};
		ABEA95ED217F648700F8DE7E /* Resources */ = {
			isa = PBXGroup;
			children = (
				ABEA95DB217F641B00F8DE7E /* AppDelegate.swift */,
				ABEA95E2217F642000F8DE7E /* Assets.xcassets */,
				ABEA95E7217F642000F8DE7E /* Info.plist */,
			);
			path = Resources;
			sourceTree = "<group>";
		};
		ABEA95EE217F649400F8DE7E /* Controller */ = {
			isa = PBXGroup;
			children = (
				ABEA95DD217F641B00F8DE7E /* AlgorithmViewController.swift */,
			);
			path = Controller;
			sourceTree = "<group>";
		};
		ABEA95EF217F64A000F8DE7E /* View */ = {
			isa = PBXGroup;
			children = (
				ABEA95DF217F641B00F8DE7E /* Main.storyboard */,
				ABEA95E4217F642000F8DE7E /* LaunchScreen.storyboard */,
			);
			path = View;
			sourceTree = "<group>";
		};
/* End PBXGroup section */

/* Begin PBXNativeTarget section */
		ABEA95D7217F641B00F8DE7E /* AlgorithmsCaroline */ = {
			isa = PBXNativeTarget;
			buildConfigurationList = ABEA95EA217F642000F8DE7E /* Build configuration list for PBXNativeTarget "AlgorithmsCaroline" */;
			buildPhases = (
				ABEA95D4217F641B00F8DE7E /* Sources */,
				ABEA95D5217F641B00F8DE7E /* Frameworks */,
				ABEA95D6217F641B00F8DE7E /* Resources */,
			);
			buildRules = (
			);
			dependencies = (
			);
			name = AlgorithmsCaroline;
			productName = AlgorithmsCaroline;
			productReference = ABEA95D8217F641B00F8DE7E /* AlgorithmsCaroline.app */;
			productType = "com.apple.product-type.application";
		};
/* End PBXNativeTarget section */

/* Begin PBXProject section */
		ABEA95D0217F641B00F8DE7E /* Project object */ = {
			isa = PBXProject;
			attributes = {
				LastSwiftUpdateCheck = 0940;
				LastUpgradeCheck = 0940;
				ORGANIZATIONNAME = ctec;
				TargetAttributes = {
					ABEA95D7217F641B00F8DE7E = {
						CreatedOnToolsVersion = 9.4.1;
					};
				};
			};
			buildConfigurationList = ABEA95D3217F641B00F8DE7E /* Build configuration list for PBXProject "AlgorithmsCaroline" */;
			compatibilityVersion = "Xcode 9.3";
			developmentRegion = en;
			hasScannedForEncodings = 0;
			knownRegions = (
				en,
				Base,
			);
			mainGroup = ABEA95CF217F641B00F8DE7E;
			productRefGroup = ABEA95D9217F641B00F8DE7E /* Products */;
			projectDirPath = "";
			projectRoot = "";
			targets = (
				ABEA95D7217F641B00F8DE7E /* AlgorithmsCaroline */,
			);
		};
/* End PBXProject section */

/* Begin PBXResourcesBuildPhase section */
		ABEA95D6217F641B00F8DE7E /* Resources */ = {
			isa = PBXResourcesBuildPhase;
			buildActionMask = 2147483647;
			files = (
				ABEA95E6217F642000F8DE7E /* LaunchScreen.storyboard in Resources */,
				ABEA95E3217F642000F8DE7E /* Assets.xcassets in Resources */,
				ABEA95E1217F641B00F8DE7E /* Main.storyboard in Resources */,
			);
			runOnlyForDeploymentPostprocessing = 0;
		};
/* End PBXResourcesBuildPhase section */

/* Begin PBXSourcesBuildPhase section */
		ABEA95D4217F641B00F8DE7E /* Sources */ = {
			isa = PBXSourcesBuildPhase;
			buildActionMask = 2147483647;
			files = (
				ABEA95DE217F641B00F8DE7E /* AlgorithmViewController.swift in Sources */,
				ABEA95DC217F641B00F8DE7E /* AppDelegate.swift in Sources */,
			);
			runOnlyForDeploymentPostprocessing = 0;
		};
/* End PBXSourcesBuildPhase section */

/* Begin PBXVariantGroup section */
		ABEA95DF217F641B00F8DE7E /* Main.storyboard */ = {
			isa = PBXVariantGroup;
			children = (
				ABEA95E0217F641B00F8DE7E /* Base */,
			);
			name = Main.storyboard;
			sourceTree = "<group>";
		};
		ABEA95E4217F642000F8DE7E /* LaunchScreen.storyboard */ = {
			isa = PBXVariantGroup;
			children = (
				ABEA95E5217F642000F8DE7E /* Base */,
			);
			name = LaunchScreen.storyboard;
			sourceTree = "<group>";
		};
/* End PBXVariantGroup section */

/* Begin XCBuildConfiguration section */
		ABEA95E8217F642000F8DE7E /* Debug */ = {
			isa = XCBuildConfiguration;
			buildSettings = {
				ALWAYS_SEARCH_USER_PATHS = NO;
				CLANG_ANALYZER_NONNULL = YES;
				CLANG_ANALYZER_NUMBER_OBJECT_CONVERSION = YES_AGGRESSIVE;
				CLANG_CXX_LANGUAGE_STANDARD = "gnu++14";
				CLANG_CXX_LIBRARY = "libc++";
				CLANG_ENABLE_MODULES = YES;
				CLANG_ENABLE_OBJC_ARC = YES;
				CLANG_ENABLE_OBJC_WEAK = YES;
				CLANG_WARN_BLOCK_CAPTURE_AUTORELEASING = YES;
				CLANG_WARN_BOOL_CONVERSION = YES;
				CLANG_WARN_COMMA = YES;
				CLANG_WARN_CONSTANT_CONVERSION = YES;
				CLANG_WARN_DEPRECATED_OBJC_IMPLEMENTATIONS = YES;
				CLANG_WARN_DIRECT_OBJC_ISA_USAGE = YES_ERROR;
				CLANG_WARN_DOCUMENTATION_COMMENTS = YES;
				CLANG_WARN_EMPTY_BODY = YES;
				CLANG_WARN_ENUM_CONVERSION = YES;
				CLANG_WARN_INFINITE_RECURSION = YES;
				CLANG_WARN_INT_CONVERSION = YES;
				CLANG_WARN_NON_LITERAL_NULL_CONVERSION = YES;
				CLANG_WARN_OBJC_IMPLICIT_RETAIN_SELF = YES;
				CLANG_WARN_OBJC_LITERAL_CONVERSION = YES;
				CLANG_WARN_OBJC_ROOT_CLASS = YES_ERROR;
				CLANG_WARN_RANGE_LOOP_ANALYSIS = YES;
				CLANG_WARN_STRICT_PROTOTYPES = YES;
				CLANG_WARN_SUSPICIOUS_MOVE = YES;
				CLANG_WARN_UNGUARDED_AVAILABILITY = YES_AGGRESSIVE;
				CLANG_WARN_UNREACHABLE_CODE = YES;
				CLANG_WARN__DUPLICATE_METHOD_MATCH = YES;
				CODE_SIGN_IDENTITY = "iPhone Developer";
				COPY_PHASE_STRIP = NO;
				DEBUG_INFORMATION_FORMAT = dwarf;
				ENABLE_STRICT_OBJC_MSGSEND = YES;
				ENABLE_TESTABILITY = YES;
				GCC_C_LANGUAGE_STANDARD = gnu11;
				GCC_DYNAMIC_NO_PIC = NO;
				GCC_NO_COMMON_BLOCKS = YES;
				GCC_OPTIMIZATION_LEVEL = 0;
				GCC_PREPROCESSOR_DEFINITIONS = (
					"DEBUG=1",
					"$(inherited)",
				);
				GCC_WARN_64_TO_32_BIT_CONVERSION = YES;
				GCC_WARN_ABOUT_RETURN_TYPE = YES_ERROR;
				GCC_WARN_UNDECLARED_SELECTOR = YES;
				GCC_WARN_UNINITIALIZED_AUTOS = YES_AGGRESSIVE;
				GCC_WARN_UNUSED_FUNCTION = YES;
				GCC_WARN_UNUSED_VARIABLE = YES;
				IPHONEOS_DEPLOYMENT_TARGET = 11.4;
				MTL_ENABLE_DEBUG_INFO = YES;
				ONLY_ACTIVE_ARCH = YES;
				SDKROOT = iphoneos;
				SWIFT_ACTIVE_COMPILATION_CONDITIONS = DEBUG;
				SWIFT_OPTIMIZATION_LEVEL = "-Onone";
			};
			name = Debug;
		};
		ABEA95E9217F642000F8DE7E /* Release */ = {
			isa = XCBuildConfiguration;
			buildSettings = {
				ALWAYS_SEARCH_USER_PATHS = NO;
				CLANG_ANALYZER_NONNULL = YES;
				CLANG_ANALYZER_NUMBER_OBJECT_CONVERSION = YES_AGGRESSIVE;
				CLANG_CXX_LANGUAGE_STANDARD = "gnu++14";
				CLANG_CXX_LIBRARY = "libc++";
				CLANG_ENABLE_MODULES = YES;
				CLANG_ENABLE_OBJC_ARC = YES;
				CLANG_ENABLE_OBJC_WEAK = YES;
				CLANG_WARN_BLOCK_CAPTURE_AUTORELEASING = YES;
				CLANG_WARN_BOOL_CONVERSION = YES;
				CLANG_WARN_COMMA = YES;
				CLANG_WARN_CONSTANT_CONVERSION = YES;
				CLANG_WARN_DEPRECATED_OBJC_IMPLEMENTATIONS = YES;
				CLANG_WARN_DIRECT_OBJC_ISA_USAGE = YES_ERROR;
				CLANG_WARN_DOCUMENTATION_COMMENTS = YES;
				CLANG_WARN_EMPTY_BODY = YES;
				CLANG_WARN_ENUM_CONVERSION = YES;
				CLANG_WARN_INFINITE_RECURSION = YES;
				CLANG_WARN_INT_CONVERSION = YES;
				CLANG_WARN_NON_LITERAL_NULL_CONVERSION = YES;
				CLANG_WARN_OBJC_IMPLICIT_RETAIN_SELF = YES;
				CLANG_WARN_OBJC_LITERAL_CONVERSION = YES;
				CLANG_WARN_OBJC_ROOT_CLASS = YES_ERROR;
				CLANG_WARN_RANGE_LOOP_ANALYSIS = YES;
				CLANG_WARN_STRICT_PROTOTYPES = YES;
				CLANG_WARN_SUSPICIOUS_MOVE = YES;
				CLANG_WARN_UNGUARDED_AVAILABILITY = YES_AGGRESSIVE;
				CLANG_WARN_UNREACHABLE_CODE = YES;
				CLANG_WARN__DUPLICATE_METHOD_MATCH = YES;
				CODE_SIGN_IDENTITY = "iPhone Developer";
				COPY_PHASE_STRIP = NO;
				DEBUG_INFORMATION_FORMAT = "dwarf-with-dsym";
				ENABLE_NS_ASSERTIONS = NO;
				ENABLE_STRICT_OBJC_MSGSEND = YES;
				GCC_C_LANGUAGE_STANDARD = gnu11;
				GCC_NO_COMMON_BLOCKS = YES;
				GCC_WARN_64_TO_32_BIT_CONVERSION = YES;
				GCC_WARN_ABOUT_RETURN_TYPE = YES_ERROR;
				GCC_WARN_UNDECLARED_SELECTOR = YES;
				GCC_WARN_UNINITIALIZED_AUTOS = YES_AGGRESSIVE;
				GCC_WARN_UNUSED_FUNCTION = YES;
				GCC_WARN_UNUSED_VARIABLE = YES;
				IPHONEOS_DEPLOYMENT_TARGET = 11.4;
				MTL_ENABLE_DEBUG_INFO = NO;
				SDKROOT = iphoneos;
				SWIFT_COMPILATION_MODE = wholemodule;
				SWIFT_OPTIMIZATION_LEVEL = "-O";
				VALIDATE_PRODUCT = YES;
			};
			name = Release;
		};
		ABEA95EB217F642000F8DE7E /* Debug */ = {
			isa = XCBuildConfiguration;
			buildSettings = {
				ASSETCATALOG_COMPILER_APPICON_NAME = AppIcon;
				CODE_SIGN_STYLE = Automatic;
				INFOPLIST_FILE = "$(SRCROOT)/AlgorithmsCaroline/Resources/Info.plist";
				LD_RUNPATH_SEARCH_PATHS = (
					"$(inherited)",
					"@executable_path/Frameworks",
				);
				PRODUCT_BUNDLE_IDENTIFIER = ctec.AlgorithmsCaroline;
				PRODUCT_NAME = "$(TARGET_NAME)";
				SWIFT_VERSION = 4.0;
				TARGETED_DEVICE_FAMILY = "1,2";
			};
			name = Debug;
		};
		ABEA95EC217F642000F8DE7E /* Release */ = {
			isa = XCBuildConfiguration;
			buildSettings = {
				ASSETCATALOG_COMPILER_APPICON_NAME = AppIcon;
				CODE_SIGN_STYLE = Automatic;
				INFOPLIST_FILE = "$(SRCROOT)/AlgorithmsCaroline/Resources/Info.plist";
				LD_RUNPATH_SEARCH_PATHS = (
					"$(inherited)",
					"@executable_path/Frameworks",
				);
				PRODUCT_BUNDLE_IDENTIFIER = ctec.AlgorithmsCaroline;
				PRODUCT_NAME = "$(TARGET_NAME)";
				SWIFT_VERSION = 4.0;
				TARGETED_DEVICE_FAMILY = "1,2";
			};
			name = Release;
		};
/* End XCBuildConfiguration section */

/* Begin XCConfigurationList section */
		ABEA95D3217F641B00F8DE7E /* Build configuration list for PBXProject "AlgorithmsCaroline" */ = {
			isa = XCConfigurationList;
			buildConfigurations = (
				ABEA95E8217F642000F8DE7E /* Debug */,
				ABEA95E9217F642000F8DE7E /* Release */,
			);
			defaultConfigurationIsVisible = 0;
			defaultConfigurationName = Release;
		};
		ABEA95EA217F642000F8DE7E /* Build configuration list for PBXNativeTarget "AlgorithmsCaroline" */ = {
			isa = XCConfigurationList;
			buildConfigurations = (
				ABEA95EB217F642000F8DE7E /* Debug */,
				ABEA95EC217F642000F8DE7E /* Release */,
			);
			defaultConfigurationIsVisible = 0;
			defaultConfigurationName = Release;
		};
/* End XCConfigurationList section */
	};
	rootObject = ABEA95D0217F641B00F8DE7E /* Project object */;
}
